// !$*UTF8*$!
{
	archiveVersion = 1;
	classes = {
	};
	objectVersion = 50;
	objects = {

/* Begin PBXBuildFile section */
		7871FE36215E00B500CF2761 /* AppDelegate.swift in Sources */ = {isa = PBXBuildFile; fileRef = 7871FE35215E00B500CF2761 /* AppDelegate.swift */; };
		7871FE38215E00B500CF2761 /* ViewController.swift in Sources */ = {isa = PBXBuildFile; fileRef = 7871FE37215E00B500CF2761 /* ViewController.swift */; };
		7871FE3B215E00B500CF2761 /* Main.storyboard in Resources */ = {isa = PBXBuildFile; fileRef = 7871FE39215E00B500CF2761 /* Main.storyboard */; };
		7871FE3D215E00B900CF2761 /* Assets.xcassets in Resources */ = {isa = PBXBuildFile; fileRef = 7871FE3C215E00B900CF2761 /* Assets.xcassets */; };
		7871FE40215E00BA00CF2761 /* LaunchScreen.storyboard in Resources */ = {isa = PBXBuildFile; fileRef = 7871FE3E215E00BA00CF2761 /* LaunchScreen.storyboard */; };
		7871FE4B215E00BA00CF2761 /* CircleViewUITests.swift in Sources */ = {isa = PBXBuildFile; fileRef = 7871FE4A215E00BA00CF2761 /* CircleViewUITests.swift */; };
		7871FE56215E02B800CF2761 /* CircleView.swift in Sources */ = {isa = PBXBuildFile; fileRef = 7871FE55215E02B800CF2761 /* CircleView.swift */; };
/* End PBXBuildFile section */

/* Begin PBXContainerItemProxy section */
		7871FE47215E00BA00CF2761 /* PBXContainerItemProxy */ = {
			isa = PBXContainerItemProxy;
			containerPortal = 7871FE2A215E00B500CF2761 /* Project object */;
			proxyType = 1;
			remoteGlobalIDString = 7871FE31215E00B500CF2761;
			remoteInfo = CircleView;
		};
/* End PBXContainerItemProxy section */

/* Begin PBXFileReference section */
		7871FE32215E00B500CF2761 /* CircleView.app */ = {isa = PBXFileReference; explicitFileType = wrapper.application; includeInIndex = 0; path = CircleView.app; sourceTree = BUILT_PRODUCTS_DIR; };
		7871FE35215E00B500CF2761 /* AppDelegate.swift */ = {isa = PBXFileReference; lastKnownFileType = sourcecode.swift; path = AppDelegate.swift; sourceTree = "<group>"; };
		7871FE37215E00B500CF2761 /* ViewController.swift */ = {isa = PBXFileReference; lastKnownFileType = sourcecode.swift; path = ViewController.swift; sourceTree = "<group>"; };
		7871FE3A215E00B500CF2761 /* Base */ = {isa = PBXFileReference; lastKnownFileType = file.storyboard; name = Base; path = Base.lproj/Main.storyboard; sourceTree = "<group>"; };
		7871FE3C215E00B900CF2761 /* Assets.xcassets */ = {isa = PBXFileReference; lastKnownFileType = folder.assetcatalog; path = Assets.xcassets; sourceTree = "<group>"; };
		7871FE3F215E00BA00CF2761 /* Base */ = {isa = PBXFileReference; lastKnownFileType = file.storyboard; name = Base; path = Base.lproj/LaunchScreen.storyboard; sourceTree = "<group>"; };
		7871FE41215E00BA00CF2761 /* Info.plist */ = {isa = PBXFileReference; lastKnownFileType = text.plist.xml; path = Info.plist; sourceTree = "<group>"; };
		7871FE46215E00BA00CF2761 /* CircleViewUITests.xctest */ = {isa = PBXFileReference; explicitFileType = wrapper.cfbundle; includeInIndex = 0; path = CircleViewUITests.xctest; sourceTree = BUILT_PRODUCTS_DIR; };
		7871FE4A215E00BA00CF2761 /* CircleViewUITests.swift */ = {isa = PBXFileReference; lastKnownFileType = sourcecode.swift; path = CircleViewUITests.swift; sourceTree = "<group>"; };
		7871FE4C215E00BA00CF2761 /* Info.plist */ = {isa = PBXFileReference; lastKnownFileType = text.plist.xml; path = Info.plist; sourceTree = "<group>"; };
		7871FE55215E02B800CF2761 /* CircleView.swift */ = {isa = PBXFileReference; lastKnownFileType = sourcecode.swift; path = CircleView.swift; sourceTree = "<group>"; };
/* End PBXFileReference section */

/* Begin PBXFrameworksBuildPhase section */
		7871FE2F215E00B500CF2761 /* Frameworks */ = {
			isa = PBXFrameworksBuildPhase;
			buildActionMask = 2147483647;
			files = (
			);
			runOnlyForDeploymentPostprocessing = 0;
		};
		7871FE43215E00BA00CF2761 /* Frameworks */ = {
			isa = PBXFrameworksBuildPhase;
			buildActionMask = 2147483647;
			files = (
			);
			runOnlyForDeploymentPostprocessing = 0;
		};
/* End PBXFrameworksBuildPhase section */

/* Begin PBXGroup section */
		7871FE29215E00B500CF2761 = {
			isa = PBXGroup;
			children = (
				7871FE34215E00B500CF2761 /* CircleView */,
				7871FE49215E00BA00CF2761 /* CircleViewUITests */,
				7871FE33215E00B500CF2761 /* Products */,
			);
			sourceTree = "<group>";
		};
		7871FE33215E00B500CF2761 /* Products */ = {
			isa = PBXGroup;
			children = (
				7871FE32215E00B500CF2761 /* CircleView.app */,
				7871FE46215E00BA00CF2761 /* CircleViewUITests.xctest */,
			);
			name = Products;
			sourceTree = "<group>";
		};
		7871FE34215E00B500CF2761 /* CircleView */ = {
			isa = PBXGroup;
			children = (
				7871FE35215E00B500CF2761 /* AppDelegate.swift */,
				7871FE37215E00B500CF2761 /* ViewController.swift */,
				7871FE39215E00B500CF2761 /* Main.storyboard */,
				7871FE3C215E00B900CF2761 /* Assets.xcassets */,
				7871FE3E215E00BA00CF2761 /* LaunchScreen.storyboard */,
				7871FE41215E00BA00CF2761 /* Info.plist */,
				7871FE55215E02B800CF2761 /* CircleView.swift */,
			);
			path = CircleView;
			sourceTree = "<group>";
		};
		7871FE49215E00BA00CF2761 /* CircleViewUITests */ = {
			isa = PBXGroup;
			children = (
				7871FE4A215E00BA00CF2761 /* CircleViewUITests.swift */,
				7871FE4C215E00BA00CF2761 /* Info.plist */,
			);
			path = CircleViewUITests;
			sourceTree = "<group>";
		};
/* End PBXGroup section */

/* Begin PBXNativeTarget section */
		7871FE31215E00B500CF2761 /* CircleView */ = {
			isa = PBXNativeTarget;
			buildConfigurationList = 7871FE4F215E00BA00CF2761 /* Build configuration list for PBXNativeTarget "CircleView" */;
			buildPhases = (
				7871FE2E215E00B500CF2761 /* Sources */,
				7871FE2F215E00B500CF2761 /* Frameworks */,
				7871FE30215E00B500CF2761 /* Resources */,
			);
			buildRules = (
			);
			dependencies = (
			);
			name = CircleView;
			productName = CircleView;
			productReference = 7871FE32215E00B500CF2761 /* CircleView.app */;
			productType = "com.apple.product-type.application";
		};
		7871FE45215E00BA00CF2761 /* CircleViewUITests */ = {
			isa = PBXNativeTarget;
			buildConfigurationList = 7871FE52215E00BA00CF2761 /* Build configuration list for PBXNativeTarget "CircleViewUITests" */;
			buildPhases = (
				7871FE42215E00BA00CF2761 /* Sources */,
				7871FE43215E00BA00CF2761 /* Frameworks */,
				7871FE44215E00BA00CF2761 /* Resources */,
			);
			buildRules = (
			);
			dependencies = (
				7871FE48215E00BA00CF2761 /* PBXTargetDependency */,
			);
			name = CircleViewUITests;
			productName = CircleViewUITests;
			productReference = 7871FE46215E00BA00CF2761 /* CircleViewUITests.xctest */;
			productType = "com.apple.product-type.bundle.ui-testing";
		};
/* End PBXNativeTarget section */

/* Begin PBXProject section */
		7871FE2A215E00B500CF2761 /* Project object */ = {
			isa = PBXProject;
			attributes = {
				LastSwiftUpdateCheck = 0940;
				LastUpgradeCheck = 0940;
				ORGANIZATIONNAME = "Aman Firozali Sanghani";
				TargetAttributes = {
					7871FE31215E00B500CF2761 = {
						CreatedOnToolsVersion = 9.4.1;
					};
					7871FE45215E00BA00CF2761 = {
						CreatedOnToolsVersion = 9.4.1;
						TestTargetID = 7871FE31215E00B500CF2761;
					};
				};
			};
			buildConfigurationList = 7871FE2D215E00B500CF2761 /* Build configuration list for PBXProject "CircleView" */;
			compatibilityVersion = "Xcode 9.3";
			developmentRegion = en;
			hasScannedForEncodings = 0;
			knownRegions = (
				en,
				Base,
			);
			mainGroup = 7871FE29215E00B500CF2761;
			productRefGroup = 7871FE33215E00B500CF2761 /* Products */;
			projectDirPath = "";
			projectRoot = "";
			targets = (
				7871FE31215E00B500CF2761 /* CircleView */,
				7871FE45215E00BA00CF2761 /* CircleViewUITests */,
			);
		};
/* End PBXProject section */

/* Begin PBXResourcesBuildPhase section */
		7871FE30215E00B500CF2761 /* Resources */ = {
			isa = PBXResourcesBuildPhase;
			buildActionMask = 2147483647;
			files = (
				7871FE40215E00BA00CF2761 /* LaunchScreen.storyboard in Resources */,
				7871FE3D215E00B900CF2761 /* Assets.xcassets in Resources */,
				7871FE3B215E00B500CF2761 /* Main.storyboard in Resources */,
			);
			runOnlyForDeploymentPostprocessing = 0;
		};
		7871FE44215E00BA00CF2761 /* Resources */ = {
			isa = PBXResourcesBuildPhase;
			buildActionMask = 2147483647;
			files = (
			);
			runOnlyForDeploymentPostprocessing = 0;
		};
/* End PBXResourcesBuildPhase section */

/* Begin PBXSourcesBuildPhase section */
		7871FE2E215E00B500CF2761 /* Sources */ = {
			isa = PBXSourcesBuildPhase;
			buildActionMask = 2147483647;
			files = (
				7871FE56215E02B800CF2761 /* CircleView.swift in Sources */,
				7871FE38215E00B500CF2761 /* ViewController.swift in Sources */,
				7871FE36215E00B500CF2761 /* AppDelegate.swift in Sources */,
			);
			runOnlyForDeploymentPostprocessing = 0;
		};
		7871FE42215E00BA00CF2761 /* Sources */ = {
			isa = PBXSourcesBuildPhase;
			buildActionMask = 2147483647;
			files = (
				7871FE4B215E00BA00CF2761 /* CircleViewUITests.swift in Sources */,
			);
			runOnlyForDeploymentPostprocessing = 0;
		};
/* End PBXSourcesBuildPhase section */

/* Begin PBXTargetDependency section */
		7871FE48215E00BA00CF2761 /* PBXTargetDependency */ = {
			isa = PBXTargetDependency;
			target = 7871FE31215E00B500CF2761 /* CircleView */;
			targetProxy = 7871FE47215E00BA00CF2761 /* PBXContainerItemProxy */;
		};
/* End PBXTargetDependency section */

/* Begin PBXVariantGroup section */
		7871FE39215E00B500CF2761 /* Main.storyboard */ = {
			isa = PBXVariantGroup;
			children = (
				7871FE3A215E00B500CF2761 /* Base */,
			);
			name = Main.storyboard;
			sourceTree = "<group>";
		};
		7871FE3E215E00BA00CF2761 /* LaunchScreen.storyboard */ = {
			isa = PBXVariantGroup;
			children = (
				7871FE3F215E00BA00CF2761 /* Base */,
			);
			name = LaunchScreen.storyboard;
			sourceTree = "<group>";
		};
/* End PBXVariantGroup section */

/* Begin XCBuildConfiguration section */
		7871FE4D215E00BA00CF2761 /* Debug */ = {
			isa = XCBuildConfiguration;
			buildSettings = {
				ALWAYS_SEARCH_USER_PATHS = NO;
				CLANG_ANALYZER_NONNULL = YES;
				CLANG_ANALYZER_NUMBER_OBJECT_CONVERSION = YES_AGGRESSIVE;
				CLANG_CXX_LANGUAGE_STANDARD = "gnu++14";
				CLANG_CXX_LIBRARY = "libc++";
				CLANG_ENABLE_MODULES = YES;
				CLANG_ENABLE_OBJC_ARC = YES;
				CLANG_ENABLE_OBJC_WEAK = YES;
				CLANG_WARN_BLOCK_CAPTURE_AUTORELEASING = YES;
				CLANG_WARN_BOOL_CONVERSION = YES;
				CLANG_WARN_COMMA = YES;
				CLANG_WARN_CONSTANT_CONVERSION = YES;
				CLANG_WARN_DEPRECATED_OBJC_IMPLEMENTATIONS = YES;
				CLANG_WARN_DIRECT_OBJC_ISA_USAGE = YES_ERROR;
				CLANG_WARN_DOCUMENTATION_COMMENTS = YES;
				CLANG_WARN_EMPTY_BODY = YES;
				CLANG_WARN_ENUM_CONVERSION = YES;
				CLANG_WARN_INFINITE_RECURSION = YES;
				CLANG_WARN_INT_CONVERSION = YES;
				CLANG_WARN_NON_LITERAL_NULL_CONVERSION = YES;
				CLANG_WARN_OBJC_IMPLICIT_RETAIN_SELF = YES;
				CLANG_WARN_OBJC_LITERAL_CONVERSION = YES;
				CLANG_WARN_OBJC_ROOT_CLASS = YES_ERROR;
				CLANG_WARN_RANGE_LOOP_ANALYSIS = YES;
				CLANG_WARN_STRICT_PROTOTYPES = YES;
				CLANG_WARN_SUSPICIOUS_MOVE = YES;
				CLANG_WARN_UNGUARDED_AVAILABILITY = YES_AGGRESSIVE;
				CLANG_WARN_UNREACHABLE_CODE = YES;
				CLANG_WARN__DUPLICATE_METHOD_MATCH = YES;
				CODE_SIGN_IDENTITY = "iPhone Developer";
				COPY_PHASE_STRIP = NO;
				DEBUG_INFORMATION_FORMAT = dwarf;
				ENABLE_STRICT_OBJC_MSGSEND = YES;
				ENABLE_TESTABILITY = YES;
				GCC_C_LANGUAGE_STANDARD = gnu11;
				GCC_DYNAMIC_NO_PIC = NO;
				GCC_NO_COMMON_BLOCKS = YES;
				GCC_OPTIMIZATION_LEVEL = 0;
				GCC_PREPROCESSOR_DEFINITIONS = (
					"DEBUG=1",
					"$(inherited)",
				);
				GCC_WARN_64_TO_32_BIT_CONVERSION = YES;
				GCC_WARN_ABOUT_RETURN_TYPE = YES_ERROR;
				GCC_WARN_UNDECLARED_SELECTOR = YES;
				GCC_WARN_UNINITIALIZED_AUTOS = YES_AGGRESSIVE;
				GCC_WARN_UNUSED_FUNCTION = YES;
				GCC_WARN_UNUSED_VARIABLE = YES;
				IPHONEOS_DEPLOYMENT_TARGET = 11.4;
				MTL_ENABLE_DEBUG_INFO = YES;
				ONLY_ACTIVE_ARCH = YES;
				SDKROOT = iphoneos;
				SWIFT_ACTIVE_COMPILATION_CONDITIONS = DEBUG;
				SWIFT_OPTIMIZATION_LEVEL = "-Onone";
			};
			name = Debug;
		};
		7871FE4E215E00BA00CF2761 /* Release */ = {
			isa = XCBuildConfiguration;
			buildSettings = {
				ALWAYS_SEARCH_USER_PATHS = NO;
				CLANG_ANALYZER_NONNULL = YES;
				CLANG_ANALYZER_NUMBER_OBJECT_CONVERSION = YES_AGGRESSIVE;
				CLANG_CXX_LANGUAGE_STANDARD = "gnu++14";
				CLANG_CXX_LIBRARY = "libc++";
				CLANG_ENABLE_MODULES = YES;
				CLANG_ENABLE_OBJC_ARC = YES;
				CLANG_ENABLE_OBJC_WEAK = YES;
				CLANG_WARN_BLOCK_CAPTURE_AUTORELEASING = YES;
				CLANG_WARN_BOOL_CONVERSION = YES;
				CLANG_WARN_COMMA = YES;
				CLANG_WARN_CONSTANT_CONVERSION = YES;
				CLANG_WARN_DEPRECATED_OBJC_IMPLEMENTATIONS = YES;
				CLANG_WARN_DIRECT_OBJC_ISA_USAGE = YES_ERROR;
				CLANG_WARN_DOCUMENTATION_COMMENTS = YES;
				CLANG_WARN_EMPTY_BODY = YES;
				CLANG_WARN_ENUM_CONVERSION = YES;
				CLANG_WARN_INFINITE_RECURSION = YES;
				CLANG_WARN_INT_CONVERSION = YES;
				CLANG_WARN_NON_LITERAL_NULL_CONVERSION = YES;
				CLANG_WARN_OBJC_IMPLICIT_RETAIN_SELF = YES;
				CLANG_WARN_OBJC_LITERAL_CONVERSION = YES;
				CLANG_WARN_OBJC_ROOT_CLASS = YES_ERROR;
				CLANG_WARN_RANGE_LOOP_ANALYSIS = YES;
				CLANG_WARN_STRICT_PROTOTYPES = YES;
				CLANG_WARN_SUSPICIOUS_MOVE = YES;
				CLANG_WARN_UNGUARDED_AVAILABILITY = YES_AGGRESSIVE;
				CLANG_WARN_UNREACHABLE_CODE = YES;
				CLANG_WARN__DUPLICATE_METHOD_MATCH = YES;
				CODE_SIGN_IDENTITY = "iPhone Developer";
				COPY_PHASE_STRIP = NO;
				DEBUG_INFORMATION_FORMAT = "dwarf-with-dsym";
				ENABLE_NS_ASSERTIONS = NO;
				ENABLE_STRICT_OBJC_MSGSEND = YES;
				GCC_C_LANGUAGE_STANDARD = gnu11;
				GCC_NO_COMMON_BLOCKS = YES;
				GCC_WARN_64_TO_32_BIT_CONVERSION = YES;
				GCC_WARN_ABOUT_RETURN_TYPE = YES_ERROR;
				GCC_WARN_UNDECLARED_SELECTOR = YES;
				GCC_WARN_UNINITIALIZED_AUTOS = YES_AGGRESSIVE;
				GCC_WARN_UNUSED_FUNCTION = YES;
				GCC_WARN_UNUSED_VARIABLE = YES;
				IPHONEOS_DEPLOYMENT_TARGET = 11.4;
				MTL_ENABLE_DEBUG_INFO = NO;
				SDKROOT = iphoneos;
				SWIFT_COMPILATION_MODE = wholemodule;
				SWIFT_OPTIMIZATION_LEVEL = "-O";
				VALIDATE_PRODUCT = YES;
			};
			name = Release;
		};
		7871FE50215E00BA00CF2761 /* Debug */ = {
			isa = XCBuildConfiguration;
			buildSettings = {
				ASSETCATALOG_COMPILER_APPICON_NAME = AppIcon;
				CODE_SIGN_STYLE = Automatic;
				INFOPLIST_FILE = CircleView/Info.plist;
				LD_RUNPATH_SEARCH_PATHS = (
					"$(inherited)",
					"@executable_path/Frameworks",
				);
				PRODUCT_BUNDLE_IDENTIFIER = demoExample.CircleView;
				PRODUCT_NAME = "$(TARGET_NAME)";
				SWIFT_VERSION = 4.0;
				TARGETED_DEVICE_FAMILY = "1,2";
			};
			name = Debug;
		};
		7871FE51215E00BA00CF2761 /* Release */ = {
			isa = XCBuildConfiguration;
			buildSettings = {
				ASSETCATALOG_COMPILER_APPICON_NAME = AppIcon;
				CODE_SIGN_STYLE = Automatic;
				INFOPLIST_FILE = CircleView/Info.plist;
				LD_RUNPATH_SEARCH_PATHS = (
					"$(inherited)",
					"@executable_path/Frameworks",
				);
				PRODUCT_BUNDLE_IDENTIFIER = demoExample.CircleView;
				PRODUCT_NAME = "$(TARGET_NAME)";
				SWIFT_VERSION = 4.0;
				TARGETED_DEVICE_FAMILY = "1,2";
			};
			name = Release;
		};
		7871FE53215E00BA00CF2761 /* Debug */ = {
			isa = XCBuildConfiguration;
			buildSettings = {
				ALWAYS_EMBED_SWIFT_STANDARD_LIBRARIES = YES;
				CODE_SIGN_STYLE = Automatic;
				INFOPLIST_FILE = CircleViewUITests/Info.plist;
				LD_RUNPATH_SEARCH_PATHS = (
					"$(inherited)",
					"@executable_path/Frameworks",
					"@loader_path/Frameworks",
				);
				PRODUCT_BUNDLE_IDENTIFIER = demoExample.CircleViewUITests;
				PRODUCT_NAME = "$(TARGET_NAME)";
				SWIFT_VERSION = 4.0;
				TARGETED_DEVICE_FAMILY = "1,2";
				TEST_TARGET_NAME = CircleView;
			};
			name = Debug;
		};
		7871FE54215E00BA00CF2761 /* Release */ = {
			isa = XCBuildConfiguration;
			buildSettings = {
				ALWAYS_EMBED_SWIFT_STANDARD_LIBRARIES = YES;
				CODE_SIGN_STYLE = Automatic;
				INFOPLIST_FILE = CircleViewUITests/Info.plist;
				LD_RUNPATH_SEARCH_PATHS = (
					"$(inherited)",
					"@executable_path/Frameworks",
					"@loader_path/Frameworks",
				);
				PRODUCT_BUNDLE_IDENTIFIER = demoExample.CircleViewUITests;
				PRODUCT_NAME = "$(TARGET_NAME)";
				SWIFT_VERSION = 4.0;
				TARGETED_DEVICE_FAMILY = "1,2";
				TEST_TARGET_NAME = CircleView;
			};
			name = Release;
		};
/* End XCBuildConfiguration section */

/* Begin XCConfigurationList section */
		7871FE2D215E00B500CF2761 /* Build configuration list for PBXProject "CircleView" */ = {
			isa = XCConfigurationList;
			buildConfigurations = (
				7871FE4D215E00BA00CF2761 /* Debug */,
				7871FE4E215E00BA00CF2761 /* Release */,
			);
			defaultConfigurationIsVisible = 0;
			defaultConfigurationName = Release;
		};
		7871FE4F215E00BA00CF2761 /* Build configuration list for PBXNativeTarget "CircleView" */ = {
			isa = XCConfigurationList;
			buildConfigurations = (
				7871FE50215E00BA00CF2761 /* Debug */,
				7871FE51215E00BA00CF2761 /* Release */,
			);
			defaultConfigurationIsVisible = 0;
			defaultConfigurationName = Release;
		};
		7871FE52215E00BA00CF2761 /* Build configuration list for PBXNativeTarget "CircleViewUITests" */ = {
			isa = XCConfigurationList;
			buildConfigurations = (
				7871FE53215E00BA00CF2761 /* Debug */,
				7871FE54215E00BA00CF2761 /* Release */,
			);
			defaultConfigurationIsVisible = 0;
			defaultConfigurationName = Release;
		};
/* End XCConfigurationList section */
	};
	rootObject = 7871FE2A215E00B500CF2761 /* Project object */;
}
